
Microsoft Visual Studio Solution File, Format Version 12.00
# Visual Studio 15
VisualStudioVersion = 15.0.26124.0
MinimumVisualStudioVersion = 15.0.26124.0
Project("{FAE04EC0-301F-11D3-BF4B-00C04F79EFBC}") = "HashDocs.Model", "HashDocs.Model\HashDocs.Model.csproj", "{4BE9C071-9ECF-4456-89BE-221206E09669}"
EndProject
Project("{2150E333-8FDC-42A3-9474-1A3956D46DE8}") = "Tests", "Tests", "{1E866AA5-D497-4C8E-8C90-EF3FECDC1CB1}"
EndProject
Project("{FAE04EC0-301F-11D3-BF4B-00C04F79EFBC}") = "HashDocs.Model.Tests", "Tests\HashDocs.Model.Tests\HashDocs.Model.Tests.csproj", "{20F1E2F0-5A75-4D79-B8D2-CE187112C6EA}"
EndProject
Global
	GlobalSection(SolutionConfigurationPlatforms) = preSolution
		Debug|Any CPU = Debug|Any CPU
		Debug|x64 = Debug|x64
		Debug|x86 = Debug|x86
		Release|Any CPU = Release|Any CPU
		Release|x64 = Release|x64
		Release|x86 = Release|x86
	EndGlobalSection
	GlobalSection(SolutionProperties) = preSolution
		HideSolutionNode = FALSE
	EndGlobalSection
	GlobalSection(ProjectConfigurationPlatforms) = postSolution
		{4BE9C071-9ECF-4456-89BE-221206E09669}.Debug|Any CPU.ActiveCfg = Debug|Any CPU
		{4BE9C071-9ECF-4456-89BE-221206E09669}.Debug|Any CPU.Build.0 = Debug|Any CPU
		{4BE9C071-9ECF-4456-89BE-221206E09669}.Debug|x64.ActiveCfg = Debug|Any CPU
		{4BE9C071-9ECF-4456-89BE-221206E09669}.Debug|x64.Build.0 = Debug|Any CPU
		{4BE9C071-9ECF-4456-89BE-221206E09669}.Debug|x86.ActiveCfg = Debug|Any CPU
		{4BE9C071-9ECF-4456-89BE-221206E09669}.Debug|x86.Build.0 = Debug|Any CPU
		{4BE9C071-9ECF-4456-89BE-221206E09669}.Release|Any CPU.ActiveCfg = Release|Any CPU
		{4BE9C071-9ECF-4456-89BE-221206E09669}.Release|Any CPU.Build.0 = Release|Any CPU
		{4BE9C071-9ECF-4456-89BE-221206E09669}.Release|x64.ActiveCfg = Release|Any CPU
		{4BE9C071-9ECF-4456-89BE-221206E09669}.Release|x64.Build.0 = Release|Any CPU
		{4BE9C071-9ECF-4456-89BE-221206E09669}.Release|x86.ActiveCfg = Release|Any CPU
		{4BE9C071-9ECF-4456-89BE-221206E09669}.Release|x86.Build.0 = Release|Any CPU
		{20F1E2F0-5A75-4D79-B8D2-CE187112C6EA}.Debug|Any CPU.ActiveCfg = Debug|Any CPU
		{20F1E2F0-5A75-4D79-B8D2-CE187112C6EA}.Debug|Any CPU.Build.0 = Debug|Any CPU
		{20F1E2F0-5A75-4D79-B8D2-CE187112C6EA}.Debug|x64.ActiveCfg = Debug|Any CPU
		{20F1E2F0-5A75-4D79-B8D2-CE187112C6EA}.Debug|x64.Build.0 = Debug|Any CPU
		{20F1E2F0-5A75-4D79-B8D2-CE187112C6EA}.Debug|x86.ActiveCfg = Debug|Any CPU
		{20F1E2F0-5A75-4D79-B8D2-CE187112C6EA}.Debug|x86.Build.0 = Debug|Any CPU
		{20F1E2F0-5A75-4D79-B8D2-CE187112C6EA}.Release|Any CPU.ActiveCfg = Release|Any CPU
		{20F1E2F0-5A75-4D79-B8D2-CE187112C6EA}.Release|Any CPU.Build.0 = Release|Any CPU
		{20F1E2F0-5A75-4D79-B8D2-CE187112C6EA}.Release|x64.ActiveCfg = Release|Any CPU
		{20F1E2F0-5A75-4D79-B8D2-CE187112C6EA}.Release|x64.Build.0 = Release|Any CPU
		{20F1E2F0-5A75-4D79-B8D2-CE187112C6EA}.Release|x86.ActiveCfg = Release|Any CPU
		{20F1E2F0-5A75-4D79-B8D2-CE187112C6EA}.Release|x86.Build.0 = Release|Any CPU
	EndGlobalSection
	GlobalSection(NestedProjects) = preSolution
		{20F1E2F0-5A75-4D79-B8D2-CE187112C6EA} = {1E866AA5-D497-4C8E-8C90-EF3FECDC1CB1}
	EndGlobalSection
EndGlobal
